// !$*UTF8*$!
{
	archiveVersion = 1;
	classes = {
	};
	objectVersion = 42;
	objects = {

/* Begin PBXBuildFile section */
		2C1351161222BF17004C82BA /* Info_10_6.plist in Resources */ = {isa = PBXBuildFile; fileRef = 8D576317048677EA00EA77CD /* Info_10_6.plist */; };
		2C1351171222BF1B004C82BA /* Info_10_5.plist in Resources */ = {isa = PBXBuildFile; fileRef = 2C18E6B11088000200C065E2 /* Info_10_5.plist */; };
		2C13514F12239401004C82BA /* HelpBook.sdef in Resources */ = {isa = PBXBuildFile; fileRef = 2C72FFAF09583F670091C86F /* HelpBook.sdef */; };
		2C13515012239401004C82BA /* Info_10_6.plist in Resources */ = {isa = PBXBuildFile; fileRef = 8D576317048677EA00EA77CD /* Info_10_6.plist */; };
		2C13515212239401004C82BA /* main.c in Sources */ = {isa = PBXBuildFile; fileRef = 2C72FD30095819440091C86F /* main.c */; };
		2C13515312239401004C82BA /* HelpBookHandlers.c in Sources */ = {isa = PBXBuildFile; fileRef = 2C76E22909EA1DB6000CC37E /* HelpBookHandlers.c */; };
		2C13515412239401004C82BA /* AEUtils.c in Sources */ = {isa = PBXBuildFile; fileRef = 2CCF2A540BAA7EE900A6496C /* AEUtils.c */; };
		2C13515612239401004C82BA /* CoreFoundation.framework in Frameworks */ = {isa = PBXBuildFile; fileRef = 0AA1909FFE8422F4C02AAC07 /* CoreFoundation.framework */; };
		2C13515712239401004C82BA /* Carbon.framework in Frameworks */ = {isa = PBXBuildFile; fileRef = 2C72FD2D095819360091C86F /* Carbon.framework */; };
		2C13515812239401004C82BA /* ApplicationServices.framework in Frameworks */ = {isa = PBXBuildFile; fileRef = 2C72FEAA095838150091C86F /* ApplicationServices.framework */; };
		2C13515A12239401004C82BA /* HelpBook.r in Rez */ = {isa = PBXBuildFile; fileRef = 2C72FFB109583F760091C86F /* HelpBook.r */; };
		2C18E6A31088000200C065E2 /* main.c in Sources */ = {isa = PBXBuildFile; fileRef = 2C72FD30095819440091C86F /* main.c */; };
		2C18E6A41088000200C065E2 /* HelpBookHandlers.c in Sources */ = {isa = PBXBuildFile; fileRef = 2C76E22909EA1DB6000CC37E /* HelpBookHandlers.c */; };
		2C18E6A51088000200C065E2 /* AEUtils.c in Sources */ = {isa = PBXBuildFile; fileRef = 2CCF2A540BAA7EE900A6496C /* AEUtils.c */; };
		2C18E6A71088000200C065E2 /* CoreFoundation.framework in Frameworks */ = {isa = PBXBuildFile; fileRef = 0AA1909FFE8422F4C02AAC07 /* CoreFoundation.framework */; };
		2C18E6A81088000200C065E2 /* Carbon.framework in Frameworks */ = {isa = PBXBuildFile; fileRef = 2C72FD2D095819360091C86F /* Carbon.framework */; };
		2C18E6A91088000200C065E2 /* ApplicationServices.framework in Frameworks */ = {isa = PBXBuildFile; fileRef = 2C72FEAA095838150091C86F /* ApplicationServices.framework */; };
		2C18E6AC1088000200C065E2 /* HelpBook.r in Rez */ = {isa = PBXBuildFile; fileRef = 2C72FFB109583F760091C86F /* HelpBook.r */; };
		2C2B97D510ACE38A007C570A /* HelpBook.sdef in Resources */ = {isa = PBXBuildFile; fileRef = 2C72FFAF09583F670091C86F /* HelpBook.sdef */; };
		2C2B97E010ACE504007C570A /* HelpBook.sdef in Resources */ = {isa = PBXBuildFile; fileRef = 2C72FFAF09583F670091C86F /* HelpBook.sdef */; };
		2C72FD2E095819360091C86F /* Carbon.framework in Frameworks */ = {isa = PBXBuildFile; fileRef = 2C72FD2D095819360091C86F /* Carbon.framework */; };
		2C72FE82095836670091C86F /* CoreFoundation.framework in Frameworks */ = {isa = PBXBuildFile; fileRef = 0AA1909FFE8422F4C02AAC07 /* CoreFoundation.framework */; };
		2C72FE83095836670091C86F /* Carbon.framework in Frameworks */ = {isa = PBXBuildFile; fileRef = 2C72FD2D095819360091C86F /* Carbon.framework */; };
		2C72FE850958366C0091C86F /* main.c in Sources */ = {isa = PBXBuildFile; fileRef = 2C72FD30095819440091C86F /* main.c */; };
		2C72FEAB095838150091C86F /* ApplicationServices.framework in Frameworks */ = {isa = PBXBuildFile; fileRef = 2C72FEAA095838150091C86F /* ApplicationServices.framework */; };
		2C72FEAC095838150091C86F /* ApplicationServices.framework in Frameworks */ = {isa = PBXBuildFile; fileRef = 2C72FEAA095838150091C86F /* ApplicationServices.framework */; };
		2C72FFB509583FB90091C86F /* HelpBook.r in Rez */ = {isa = PBXBuildFile; fileRef = 2C72FFB109583F760091C86F /* HelpBook.r */; };
		2C76E22A09EA1DB6000CC37E /* HelpBookHandlers.c in Sources */ = {isa = PBXBuildFile; fileRef = 2C76E22909EA1DB6000CC37E /* HelpBookHandlers.c */; };
		2C76E22B09EA1DB6000CC37E /* HelpBookHandlers.c in Sources */ = {isa = PBXBuildFile; fileRef = 2C76E22909EA1DB6000CC37E /* HelpBookHandlers.c */; };
		2CB6DAB709591BA0009A18B4 /* HelpBook.r in Rez */ = {isa = PBXBuildFile; fileRef = 2C72FFB109583F760091C86F /* HelpBook.r */; };
		2CCF2A560BAA7EE900A6496C /* AEUtils.c in Sources */ = {isa = PBXBuildFile; fileRef = 2CCF2A540BAA7EE900A6496C /* AEUtils.c */; };
		2CCF2A570BAA7EE900A6496C /* AEUtils.c in Sources */ = {isa = PBXBuildFile; fileRef = 2CCF2A540BAA7EE900A6496C /* AEUtils.c */; };
		8D576314048677EA00EA77CD /* CoreFoundation.framework in Frameworks */ = {isa = PBXBuildFile; fileRef = 0AA1909FFE8422F4C02AAC07 /* CoreFoundation.framework */; };
/* End PBXBuildFile section */

/* Begin PBXFileReference section */
		0AA1909FFE8422F4C02AAC07 /* CoreFoundation.framework */ = {isa = PBXFileReference; lastKnownFileType = wrapper.framework; name = CoreFoundation.framework; path = /System/Library/Frameworks/CoreFoundation.framework; sourceTree = "<absolute>"; };
		2C13515E12239401004C82BA /* HelpBook.osax */ = {isa = PBXFileReference; explicitFileType = wrapper.cfbundle; includeInIndex = 0; path = HelpBook.osax; sourceTree = BUILT_PRODUCTS_DIR; };
		2C13515F12239401004C82BA /* Info_10_4.plist */ = {isa = PBXFileReference; lastKnownFileType = text.plist.xml; path = Info_10_4.plist; sourceTree = "<group>"; };
		2C18E6B01088000200C065E2 /* HelpBook.osax */ = {isa = PBXFileReference; explicitFileType = wrapper.cfbundle; includeInIndex = 0; path = HelpBook.osax; sourceTree = BUILT_PRODUCTS_DIR; };
		2C18E6B11088000200C065E2 /* Info_10_5.plist */ = {isa = PBXFileReference; lastKnownFileType = text.plist.xml; path = Info_10_5.plist; sourceTree = "<group>"; };
		2C2B97CE10ACE2CB007C570A /* testscript.scpt */ = {isa = PBXFileReference; fileEncoding = 4; lastKnownFileType = sourcecode.scpt; path = testscript.scpt; sourceTree = "<group>"; };
		2C47E00D10B18D42002ADC14 /* HelpBookOSAXConsntatns.h */ = {isa = PBXFileReference; fileEncoding = 4; lastKnownFileType = sourcecode.c.h; path = HelpBookOSAXConsntatns.h; sourceTree = "<group>"; };
		2C72FD2D095819360091C86F /* Carbon.framework */ = {isa = PBXFileReference; lastKnownFileType = wrapper.framework; name = Carbon.framework; path = /System/Library/Frameworks/Carbon.framework; sourceTree = "<absolute>"; };
		2C72FD30095819440091C86F /* main.c */ = {isa = PBXFileReference; fileEncoding = 4; lastKnownFileType = sourcecode.c.c; path = main.c; sourceTree = "<group>"; };
		2C72FDBF095836400091C86F /* HelpBook App.app */ = {isa = PBXFileReference; explicitFileType = wrapper.application; includeInIndex = 0; path = "HelpBook App.app"; sourceTree = BUILT_PRODUCTS_DIR; };
		2C72FDC1095836400091C86F /* HelpBook App-Info.plist */ = {isa = PBXFileReference; lastKnownFileType = text.plist.xml; path = "HelpBook App-Info.plist"; sourceTree = "<group>"; };
		2C72FEAA095838150091C86F /* ApplicationServices.framework */ = {isa = PBXFileReference; lastKnownFileType = wrapper.framework; name = ApplicationServices.framework; path = /System/Library/Frameworks/ApplicationServices.framework; sourceTree = "<absolute>"; };
		2C72FFAF09583F670091C86F /* HelpBook.sdef */ = {isa = PBXFileReference; fileEncoding = 4; lastKnownFileType = text.sdef; path = HelpBook.sdef; sourceTree = "<group>"; };
		2C72FFB109583F760091C86F /* HelpBook.r */ = {isa = PBXFileReference; fileEncoding = 4; lastKnownFileType = sourcecode.rez; path = HelpBook.r; sourceTree = "<group>"; };
		2C76E22809EA1DB6000CC37E /* HelpBookHandlers.h */ = {isa = PBXFileReference; fileEncoding = 4; lastKnownFileType = sourcecode.c.h; path = HelpBookHandlers.h; sourceTree = "<group>"; };
		2C76E22909EA1DB6000CC37E /* HelpBookHandlers.c */ = {isa = PBXFileReference; fileEncoding = 4; lastKnownFileType = sourcecode.c.c; path = HelpBookHandlers.c; sourceTree = "<group>"; };
		2C8E290A10BFBB27008C44A9 /* History.rd */ = {isa = PBXFileReference; fileEncoding = 4; lastKnownFileType = text; name = History.rd; path = ../History.rd; sourceTree = "<group>"; wrapsLines = 1; };
		2CCF2A540BAA7EE900A6496C /* AEUtils.c */ = {isa = PBXFileReference; fileEncoding = 0; lastKnownFileType = sourcecode.c.c; path = AEUtils.c; sourceTree = "<group>"; };
		2CCF2A550BAA7EE900A6496C /* AEUtils.h */ = {isa = PBXFileReference; fileEncoding = 0; lastKnownFileType = sourcecode.c.h; path = AEUtils.h; sourceTree = "<group>"; };
		8D576316048677EA00EA77CD /* HelpBook.osax */ = {isa = PBXFileReference; explicitFileType = wrapper.cfbundle; includeInIndex = 0; path = HelpBook.osax; sourceTree = BUILT_PRODUCTS_DIR; };
		8D576317048677EA00EA77CD /* Info_10_6.plist */ = {isa = PBXFileReference; explicitFileType = text.plist; fileEncoding = 4; path = Info_10_6.plist; sourceTree = "<group>"; };
/* End PBXFileReference section */

/* Begin PBXFrameworksBuildPhase section */
		2C13515512239401004C82BA /* Frameworks */ = {
			isa = PBXFrameworksBuildPhase;
			buildActionMask = 2147483647;
			files = (
				2C13515612239401004C82BA /* CoreFoundation.framework in Frameworks */,
				2C13515712239401004C82BA /* Carbon.framework in Frameworks */,
				2C13515812239401004C82BA /* ApplicationServices.framework in Frameworks */,
			);
			runOnlyForDeploymentPostprocessing = 0;
		};
		2C18E6A61088000200C065E2 /* Frameworks */ = {
			isa = PBXFrameworksBuildPhase;
			buildActionMask = 2147483647;
			files = (
				2C18E6A71088000200C065E2 /* CoreFoundation.framework in Frameworks */,
				2C18E6A81088000200C065E2 /* Carbon.framework in Frameworks */,
				2C18E6A91088000200C065E2 /* ApplicationServices.framework in Frameworks */,
			);
			runOnlyForDeploymentPostprocessing = 0;
		};
		2C72FDBD095836400091C86F /* Frameworks */ = {
			isa = PBXFrameworksBuildPhase;
			buildActionMask = 2147483647;
			files = (
				2C72FE82095836670091C86F /* CoreFoundation.framework in Frameworks */,
				2C72FE83095836670091C86F /* Carbon.framework in Frameworks */,
				2C72FEAC095838150091C86F /* ApplicationServices.framework in Frameworks */,
			);
			runOnlyForDeploymentPostprocessing = 0;
		};
		8D576313048677EA00EA77CD /* Frameworks */ = {
			isa = PBXFrameworksBuildPhase;
			buildActionMask = 2147483647;
			files = (
				8D576314048677EA00EA77CD /* CoreFoundation.framework in Frameworks */,
				2C72FD2E095819360091C86F /* Carbon.framework in Frameworks */,
				2C72FEAB095838150091C86F /* ApplicationServices.framework in Frameworks */,
			);
			runOnlyForDeploymentPostprocessing = 0;
		};
/* End PBXFrameworksBuildPhase section */

/* Begin PBXGroup section */
		089C166AFE841209C02AAC07 /* UnEscapeURL */ = {
			isa = PBXGroup;
			children = (
				2C8E290A10BFBB27008C44A9 /* History.rd */,
				2C2B97CE10ACE2CB007C570A /* testscript.scpt */,
				2CCF2A530BAA7EE900A6496C /* AEUtils */,
				08FB77AFFE84173DC02AAC07 /* Source */,
				089C167CFE841241C02AAC07 /* Resources */,
				089C1671FE841209C02AAC07 /* External Frameworks and Libraries */,
				19C28FB6FE9D52B211CA2CBB /* Products */,
			);
			name = UnEscapeURL;
			sourceTree = "<group>";
		};
		089C1671FE841209C02AAC07 /* External Frameworks and Libraries */ = {
			isa = PBXGroup;
			children = (
				2C72FEAA095838150091C86F /* ApplicationServices.framework */,
				2C72FD2D095819360091C86F /* Carbon.framework */,
				0AA1909FFE8422F4C02AAC07 /* CoreFoundation.framework */,
			);
			name = "External Frameworks and Libraries";
			sourceTree = "<group>";
		};
		089C167CFE841241C02AAC07 /* Resources */ = {
			isa = PBXGroup;
			children = (
				2C72FFAF09583F670091C86F /* HelpBook.sdef */,
				2C72FDC1095836400091C86F /* HelpBook App-Info.plist */,
				8D576317048677EA00EA77CD /* Info_10_6.plist */,
				2C18E6B11088000200C065E2 /* Info_10_5.plist */,
				2C13515F12239401004C82BA /* Info_10_4.plist */,
				2C72FFB109583F760091C86F /* HelpBook.r */,
			);
			name = Resources;
			sourceTree = "<group>";
		};
		08FB77AFFE84173DC02AAC07 /* Source */ = {
			isa = PBXGroup;
			children = (
				2C72FD30095819440091C86F /* main.c */,
				2C76E22809EA1DB6000CC37E /* HelpBookHandlers.h */,
				2C76E22909EA1DB6000CC37E /* HelpBookHandlers.c */,
				2C47E00D10B18D42002ADC14 /* HelpBookOSAXConsntatns.h */,
			);
			name = Source;
			sourceTree = "<group>";
		};
		19C28FB6FE9D52B211CA2CBB /* Products */ = {
			isa = PBXGroup;
			children = (
				8D576316048677EA00EA77CD /* HelpBook.osax */,
				2C72FDBF095836400091C86F /* HelpBook App.app */,
				2C18E6B01088000200C065E2 /* HelpBook.osax */,
				2C13515E12239401004C82BA /* HelpBook.osax */,
			);
			name = Products;
			sourceTree = "<group>";
		};
		2CCF2A530BAA7EE900A6496C /* AEUtils */ = {
			isa = PBXGroup;
			children = (
				2CCF2A540BAA7EE900A6496C /* AEUtils.c */,
				2CCF2A550BAA7EE900A6496C /* AEUtils.h */,
			);
			path = AEUtils;
			sourceTree = "<group>";
		};
/* End PBXGroup section */

/* Begin PBXNativeTarget section */
		2C13514B12239401004C82BA /* HelpBook for 10.4 */ = {
			isa = PBXNativeTarget;
			buildConfigurationList = 2C13515B12239401004C82BA /* Build configuration list for PBXNativeTarget "HelpBook for 10.4" */;
			buildPhases = (
				2C13514C12239401004C82BA /* ShellScript */,
				2C13514D12239401004C82BA /* ShellScript */,
				2C13514E12239401004C82BA /* Resources */,
				2C13515112239401004C82BA /* Sources */,
				2C13515512239401004C82BA /* Frameworks */,
				2C13515912239401004C82BA /* Rez */,
			);
			buildRules = (
			);
			dependencies = (
			);
			name = "HelpBook for 10.4";
			productInstallPath = "$(HOME)/Library/Bundles";
			productName = UnEscapeURL;
			productReference = 2C13515E12239401004C82BA /* HelpBook.osax */;
			productType = "com.apple.product-type.bundle";
		};
		2C18E6A01088000200C065E2 /* HelpBook for 10.5 */ = {
			isa = PBXNativeTarget;
			buildConfigurationList = 2C18E6AD1088000200C065E2 /* Build configuration list for PBXNativeTarget "HelpBook for 10.5" */;
			buildPhases = (
				2C5B39EE10B786DB004396E4 /* ShellScript */,
				2C18E6AA1088000200C065E2 /* ShellScript */,
				2C18E6A11088000200C065E2 /* Resources */,
				2C18E6A21088000200C065E2 /* Sources */,
				2C18E6A61088000200C065E2 /* Frameworks */,
				2C18E6AB1088000200C065E2 /* Rez */,
			);
			buildRules = (
			);
			dependencies = (
			);
			name = "HelpBook for 10.5";
			productInstallPath = "$(HOME)/Library/Bundles";
			productName = UnEscapeURL;
			productReference = 2C18E6B01088000200C065E2 /* HelpBook.osax */;
			productType = "com.apple.product-type.bundle";
		};
		2C72FDBE095836400091C86F /* HelpBook App */ = {
			isa = PBXNativeTarget;
			buildConfigurationList = 2C72FDC2095836410091C86F /* Build configuration list for PBXNativeTarget "HelpBook App" */;
			buildPhases = (
				2C72FDBB095836400091C86F /* Resources */,
				2C72FDBC095836400091C86F /* Sources */,
				2C72FDBD095836400091C86F /* Frameworks */,
				2C72FFB209583FAC0091C86F /* Rez */,
				2C47DF9010B13F4A002ADC14 /* ShellScript */,
			);
			buildRules = (
			);
			dependencies = (
			);
			name = "HelpBook App";
			productName = "URL Unescape App";
			productReference = 2C72FDBF095836400091C86F /* HelpBook App.app */;
			productType = "com.apple.product-type.application";
		};
		8D57630D048677EA00EA77CD /* HelpBook */ = {
			isa = PBXNativeTarget;
			buildConfigurationList = 1DEB911A08733D790010E9CD /* Build configuration list for PBXNativeTarget "HelpBook" */;
			buildPhases = (
				2C5B3A0410B789A9004396E4 /* ShellScript */,
				2C58596D0BAFA27100D46AD8 /* ShellScript */,
				8D57630F048677EA00EA77CD /* Resources */,
				8D576311048677EA00EA77CD /* Sources */,
				8D576313048677EA00EA77CD /* Frameworks */,
				2CB6DAA209591B9A009A18B4 /* Rez */,
			);
			buildRules = (
			);
			dependencies = (
			);
			name = HelpBook;
			productInstallPath = "$(HOME)/Library/Bundles";
			productName = UnEscapeURL;
			productReference = 8D576316048677EA00EA77CD /* HelpBook.osax */;
			productType = "com.apple.product-type.bundle";
		};
/* End PBXNativeTarget section */

/* Begin PBXProject section */
		089C1669FE841209C02AAC07 /* Project object */ = {
			isa = PBXProject;
			buildConfigurationList = 1DEB911E08733D790010E9CD /* Build configuration list for PBXProject "HelpBook" */;
			compatibilityVersion = "Xcode 2.4";
			hasScannedForEncodings = 1;
			mainGroup = 089C166AFE841209C02AAC07 /* UnEscapeURL */;
			projectDirPath = "";
			projectRoot = "";
			targets = (
				8D57630D048677EA00EA77CD /* HelpBook */,
				2C18E6A01088000200C065E2 /* HelpBook for 10.5 */,
				2C13514B12239401004C82BA /* HelpBook for 10.4 */,
				2C72FDBE095836400091C86F /* HelpBook App */,
			);
		};
/* End PBXProject section */

/* Begin PBXResourcesBuildPhase section */
		2C13514E12239401004C82BA /* Resources */ = {
			isa = PBXResourcesBuildPhase;
			buildActionMask = 2147483647;
			files = (
				2C13514F12239401004C82BA /* HelpBook.sdef in Resources */,
				2C13515012239401004C82BA /* Info_10_6.plist in Resources */,
			);
			runOnlyForDeploymentPostprocessing = 0;
		};
		2C18E6A11088000200C065E2 /* Resources */ = {
			isa = PBXResourcesBuildPhase;
			buildActionMask = 2147483647;
			files = (
				2C2B97D510ACE38A007C570A /* HelpBook.sdef in Resources */,
				2C1351161222BF17004C82BA /* Info_10_6.plist in Resources */,
			);
			runOnlyForDeploymentPostprocessing = 0;
		};
		2C72FDBB095836400091C86F /* Resources */ = {
			isa = PBXResourcesBuildPhase;
			buildActionMask = 2147483647;
			files = (
			);
			runOnlyForDeploymentPostprocessing = 0;
		};
		8D57630F048677EA00EA77CD /* Resources */ = {
			isa = PBXResourcesBuildPhase;
			buildActionMask = 2147483647;
			files = (
				2C2B97E010ACE504007C570A /* HelpBook.sdef in Resources */,
				2C1351171222BF1B004C82BA /* Info_10_5.plist in Resources */,
			);
			runOnlyForDeploymentPostprocessing = 0;
		};
/* End PBXResourcesBuildPhase section */

/* Begin PBXRezBuildPhase section */
		2C13515912239401004C82BA /* Rez */ = {
			isa = PBXRezBuildPhase;
			buildActionMask = 2147483647;
			files = (
				2C13515A12239401004C82BA /* HelpBook.r in Rez */,
			);
			runOnlyForDeploymentPostprocessing = 0;
		};
		2C18E6AB1088000200C065E2 /* Rez */ = {
			isa = PBXRezBuildPhase;
			buildActionMask = 2147483647;
			files = (
				2C18E6AC1088000200C065E2 /* HelpBook.r in Rez */,
			);
			runOnlyForDeploymentPostprocessing = 0;
		};
		2C72FFB209583FAC0091C86F /* Rez */ = {
			isa = PBXRezBuildPhase;
			buildActionMask = 2147483647;
			files = (
				2C72FFB509583FB90091C86F /* HelpBook.r in Rez */,
			);
			runOnlyForDeploymentPostprocessing = 0;
		};
		2CB6DAA209591B9A009A18B4 /* Rez */ = {
			isa = PBXRezBuildPhase;
			buildActionMask = 2147483647;
			files = (
				2CB6DAB709591BA0009A18B4 /* HelpBook.r in Rez */,
			);
			runOnlyForDeploymentPostprocessing = 0;
		};
/* End PBXRezBuildPhase section */

/* Begin PBXShellScriptBuildPhase section */
		2C13514C12239401004C82BA /* ShellScript */ = {
			isa = PBXShellScriptBuildPhase;
			buildActionMask = 8;
			files = (
			);
			inputPaths = (
			);
			outputPaths = (
			);
			runOnlyForDeploymentPostprocessing = 1;
			shellPath = /bin/sh;
			shellScript = "exit 0;\nmv \"${INSTALL_DIR}/${FULL_PRODUCT_NAME}\" ~/.Trash\nexit 0;\nosascript <<EOS\ntry\ntell application \"Finder\"\n  set an_item to POSIX file \"${INSTALL_DIR}/${FULL_PRODUCT_NAME}\"\n  delete (an_item as alias)\nend tell\nend try\nreturn\nEOS\n";
			showEnvVarsInLog = 0;
		};
		2C13514D12239401004C82BA /* ShellScript */ = {
			isa = PBXShellScriptBuildPhase;
			buildActionMask = 2147483647;
			files = (
			);
			inputPaths = (
				"$(SRCROOT)/HelpBook.sdef",
			);
			outputPaths = (
				"$(SRCROOT)/HelpBook.r",
			);
			runOnlyForDeploymentPostprocessing = 0;
			shellPath = /bin/sh;
			shellScript = "/usr/bin/sdp -f a -o ${SRCROOT}/HelpBook.r HelpBook.sdef";
			showEnvVarsInLog = 0;
		};
		2C18E6AA1088000200C065E2 /* ShellScript */ = {
			isa = PBXShellScriptBuildPhase;
			buildActionMask = 2147483647;
			files = (
			);
			inputPaths = (
				"$(SRCROOT)/HelpBook.sdef",
			);
			outputPaths = (
				"$(SRCROOT)/HelpBook.r",
			);
			runOnlyForDeploymentPostprocessing = 0;
			shellPath = /bin/sh;
			shellScript = "/usr/bin/sdp -f a -o ${SRCROOT}/HelpBook.r HelpBook.sdef";
			showEnvVarsInLog = 0;
		};
		2C47DF9010B13F4A002ADC14 /* ShellScript */ = {
			isa = PBXShellScriptBuildPhase;
			buildActionMask = 2147483647;
			files = (
			);
			inputPaths = (
				"$(SRCROOT)/HelpBook.sdef",
			);
			outputPaths = (
				"$(SRCROOT)/HelpBook.r",
			);
			runOnlyForDeploymentPostprocessing = 0;
			shellPath = /bin/sh;
			shellScript = "/usr/bin/sdp -f a -o ${SRCROOT}/HelpBook.r HelpBook.sdef";
		};
		2C58596D0BAFA27100D46AD8 /* ShellScript */ = {
			isa = PBXShellScriptBuildPhase;
			buildActionMask = 2147483647;
			files = (
			);
			inputPaths = (
				"$(SRCROOT)/HelpBook.sdef",
			);
			outputPaths = (
				"$(SRCROOT)/HelpBook.r",
			);
			runOnlyForDeploymentPostprocessing = 0;
			shellPath = /bin/sh;
			shellScript = "/usr/bin/sdp -f a -o ${SRCROOT}/HelpBook.r HelpBook.sdef";
		};
		2C5B39EE10B786DB004396E4 /* ShellScript */ = {
			isa = PBXShellScriptBuildPhase;
			buildActionMask = 8;
			files = (
			);
			inputPaths = (
			);
			outputPaths = (
			);
			runOnlyForDeploymentPostprocessing = 1;
			shellPath = /bin/sh;
			shellScript = "exit 0;\nmv \"${INSTALL_DIR}/${FULL_PRODUCT_NAME}\" ~/.Trash\nexit 0;\nosascript <<EOS\ntry\ntell application \"Finder\"\n  set an_item to POSIX file \"${INSTALL_DIR}/${FULL_PRODUCT_NAME}\"\n  delete (an_item as alias)\nend tell\nend try\nreturn\nEOS\n";
			showEnvVarsInLog = 0;
		};
		2C5B3A0410B789A9004396E4 /* ShellScript */ = {
			isa = PBXShellScriptBuildPhase;
			buildActionMask = 8;
			files = (
			);
			inputPaths = (
			);
			outputPaths = (
			);
			runOnlyForDeploymentPostprocessing = 1;
			shellPath = /bin/sh;
			shellScript = "osascript <<EOS\ntry\ntell application \"Finder\"\n  set an_item to POSIX file \"${INSTALL_DIR}/${FULL_PRODUCT_NAME}\"\n  delete (an_item as alias)\nend tell\nend try\nreturn\nEOS\n";
		};
/* End PBXShellScriptBuildPhase section */

/* Begin PBXSourcesBuildPhase section */
		2C13515112239401004C82BA /* Sources */ = {
			isa = PBXSourcesBuildPhase;
			buildActionMask = 2147483647;
			files = (
				2C13515212239401004C82BA /* main.c in Sources */,
				2C13515312239401004C82BA /* HelpBookHandlers.c in Sources */,
				2C13515412239401004C82BA /* AEUtils.c in Sources */,
			);
			runOnlyForDeploymentPostprocessing = 0;
		};
		2C18E6A21088000200C065E2 /* Sources */ = {
			isa = PBXSourcesBuildPhase;
			buildActionMask = 2147483647;
			files = (
				2C18E6A31088000200C065E2 /* main.c in Sources */,
				2C18E6A41088000200C065E2 /* HelpBookHandlers.c in Sources */,
				2C18E6A51088000200C065E2 /* AEUtils.c in Sources */,
			);
			runOnlyForDeploymentPostprocessing = 0;
		};
		2C72FDBC095836400091C86F /* Sources */ = {
			isa = PBXSourcesBuildPhase;
			buildActionMask = 2147483647;
			files = (
				2C72FE850958366C0091C86F /* main.c in Sources */,
				2C76E22B09EA1DB6000CC37E /* HelpBookHandlers.c in Sources */,
				2CCF2A570BAA7EE900A6496C /* AEUtils.c in Sources */,
			);
			runOnlyForDeploymentPostprocessing = 0;
		};
		8D576311048677EA00EA77CD /* Sources */ = {
			isa = PBXSourcesBuildPhase;
			buildActionMask = 2147483647;
			files = (
				2C76E22A09EA1DB6000CC37E /* HelpBookHandlers.c in Sources */,
				2CCF2A560BAA7EE900A6496C /* AEUtils.c in Sources */,
			);
			runOnlyForDeploymentPostprocessing = 0;
		};
/* End PBXSourcesBuildPhase section */

/* Begin XCBuildConfiguration section */
		1DEB911B08733D790010E9CD /* Debug */ = {
			isa = XCBuildConfiguration;
			buildSettings = {
				COPY_PHASE_STRIP = NO;
				CURRENT_PROJECT_VERSION = 8;
				GCC_DYNAMIC_NO_PIC = NO;
				GCC_ENABLE_FIX_AND_CONTINUE = YES;
				GCC_MODEL_TUNING = G5;
				GCC_OPTIMIZATION_LEVEL = 0;
				INFOPLIST_FILE = Info_10_6.plist;
				INSTALL_PATH = "$(HOME)/Library/ScriptingAdditions";
				PRODUCT_NAME = HelpBook;
				WRAPPER_EXTENSION = osax;
				ZERO_LINK = YES;
			};
			name = Debug;
		};
		1DEB911C08733D790010E9CD /* Release */ = {
			isa = XCBuildConfiguration;
			buildSettings = {
				CURRENT_PROJECT_VERSION = 8;
				GCC_GENERATE_DEBUGGING_SYMBOLS = NO;
				GCC_MODEL_TUNING = G5;
				INFOPLIST_FILE = Info_10_6.plist;
				INSTALL_PATH = /Library/ScriptingAdditions;
				PRODUCT_NAME = HelpBook;
				WRAPPER_EXTENSION = osax;
			};
			name = Release;
		};
		1DEB911F08733D790010E9CD /* Debug */ = {
			isa = XCBuildConfiguration;
			buildSettings = {
				ARCHS = "$(NATIVE_ARCH)";
				GCC_C_LANGUAGE_STANDARD = c99;
				GCC_WARN_ABOUT_RETURN_TYPE = YES;
				GCC_WARN_UNUSED_VARIABLE = YES;
				INSTALL_PATH = /Library/ScriptingAdditions;
				PREBINDING = NO;
				SDKROOT = /Developer/SDKs/MacOSX10.5.sdk;
			};
			name = Debug;
		};
		1DEB912008733D790010E9CD /* Release */ = {
			isa = XCBuildConfiguration;
			buildSettings = {
				ARCHS = "$(ARCHS_STANDARD_32_64_BIT_PRE_XCODE_3_1)";
				ARCHS_STANDARD_32_64_BIT_PRE_XCODE_3_1 = "ppc i386 ppc64 x86_64";
				GCC_C_LANGUAGE_STANDARD = c99;
				GCC_WARN_ABOUT_RETURN_TYPE = YES;
				GCC_WARN_UNUSED_VARIABLE = YES;
				INSTALL_PATH = /Library/ScriptingAdditions;
				PREBINDING = NO;
				SDKROOT = /Developer/SDKs/MacOSX10.5.sdk;
			};
			name = Release;
		};
		2C13515C12239401004C82BA /* Debug */ = {
			isa = XCBuildConfiguration;
			buildSettings = {
				ARCHS = "$(ARCHS_STANDARD_32_BIT_PRE_XCODE_3_1)";
				ARCHS_STANDARD_32_BIT_PRE_XCODE_3_1 = "ppc i386";
				COPY_PHASE_STRIP = NO;
				CURRENT_PROJECT_VERSION = 8;
				GCC_DYNAMIC_NO_PIC = NO;
				GCC_ENABLE_FIX_AND_CONTINUE = YES;
				GCC_MODEL_TUNING = G5;
				GCC_OPTIMIZATION_LEVEL = 0;
				INFOPLIST_FILE = Info_10_4.plist;
				INSTALL_PATH = "$(HOME)/Library/ScriptingAdditions";
				PRODUCT_NAME = HelpBook;
				SDKROOT = /Developer/SDKs/MacOSX10.4u.sdk;
				SYMROOT = build_10_4;
				WRAPPER_EXTENSION = osax;
				ZERO_LINK = YES;
			};
			name = Debug;
		};
		2C13515D12239401004C82BA /* Release */ = {
			isa = XCBuildConfiguration;
			buildSettings = {
				ARCHS = "$(ARCHS_STANDARD_32_BIT_PRE_XCODE_3_1)";
				ARCHS_STANDARD_32_BIT_PRE_XCODE_3_1 = "ppc i386";
				CURRENT_PROJECT_VERSION = 8;
				GCC_GENERATE_DEBUGGING_SYMBOLS = NO;
				GCC_MODEL_TUNING = G5;
				INFOPLIST_FILE = Info_10_4.plist;
				INSTALL_PATH = /Library/ScriptingAdditions;
				PRODUCT_NAME = HelpBook;
				SDKROOT = /Developer/SDKs/MacOSX10.4u.sdk;
				SYMROOT = build_10_4;
				WRAPPER_EXTENSION = osax;
			};
			name = Release;
		};
		2C18E6AE1088000200C065E2 /* Debug */ = {
			isa = XCBuildConfiguration;
			buildSettings = {
				COPY_PHASE_STRIP = NO;
				CURRENT_PROJECT_VERSION = 8;
				GCC_DYNAMIC_NO_PIC = NO;
				GCC_ENABLE_FIX_AND_CONTINUE = YES;
				GCC_MODEL_TUNING = G5;
				GCC_OPTIMIZATION_LEVEL = 0;
				INFOPLIST_FILE = Info_10_5.plist;
				INSTALL_PATH = "$(HOME)/Library/ScriptingAdditions";
				PRODUCT_NAME = HelpBook;
				SYMROOT = build_10_5;
				WRAPPER_EXTENSION = osax;
				ZERO_LINK = YES;
			};
			name = Debug;
		};
		2C18E6AF1088000200C065E2 /* Release */ = {
			isa = XCBuildConfiguration;
			buildSettings = {
				CURRENT_PROJECT_VERSION = 8;
				GCC_GENERATE_DEBUGGING_SYMBOLS = NO;
				GCC_MODEL_TUNING = G5;
				INFOPLIST_FILE = Info_10_5.plist;
				INSTALL_PATH = /Library/ScriptingAdditions;
				PRODUCT_NAME = HelpBook;
				SYMROOT = build_10_5;
				WRAPPER_EXTENSION = osax;
			};
			name = Release;
		};
		2C72FDC3095836410091C86F /* Debug */ = {
			isa = XCBuildConfiguration;
			buildSettings = {
				COPY_PHASE_STRIP = NO;
				GCC_DYNAMIC_NO_PIC = NO;
				GCC_ENABLE_FIX_AND_CONTINUE = YES;
				GCC_GENERATE_DEBUGGING_SYMBOLS = YES;
				GCC_MODEL_TUNING = G5;
				GCC_OPTIMIZATION_LEVEL = 0;
				GCC_PRECOMPILE_PREFIX_HEADER = YES;
				GCC_PREFIX_HEADER = "$(SYSTEM_LIBRARY_DIR)/Frameworks/Carbon.framework/Headers/Carbon.h";
				INFOPLIST_FILE = "HelpBook App-Info.plist";
				INSTALL_PATH = "$(HOME)/Applications";
				OTHER_LDFLAGS = (
					"-framework",
					Carbon,
				);
				PREBINDING = NO;
				PRODUCT_NAME = "HelpBook App";
				WRAPPER_EXTENSION = app;
				ZERO_LINK = YES;
			};
			name = Debug;
		};
		2C72FDC4095836410091C86F /* Release */ = {
			isa = XCBuildConfiguration;
			buildSettings = {
				COPY_PHASE_STRIP = YES;
				GCC_ENABLE_FIX_AND_CONTINUE = NO;
				GCC_GENERATE_DEBUGGING_SYMBOLS = NO;
				GCC_MODEL_TUNING = G5;
				GCC_PRECOMPILE_PREFIX_HEADER = YES;
				GCC_PREFIX_HEADER = "$(SYSTEM_LIBRARY_DIR)/Frameworks/Carbon.framework/Headers/Carbon.h";
				INFOPLIST_FILE = "HelpBook App-Info.plist";
				INSTALL_PATH = "$(HOME)/Applications";
				OTHER_LDFLAGS = (
					"-framework",
					Carbon,
				);
				PREBINDING = NO;
				PRODUCT_NAME = "HelpBook App";
				WRAPPER_EXTENSION = app;
				ZERO_LINK = NO;
			};
			name = Release;
		};
/* End XCBuildConfiguration section */

/* Begin XCConfigurationList section */
		1DEB911A08733D790010E9CD /* Build configuration list for PBXNativeTarget "HelpBook" */ = {
			isa = XCConfigurationList;
			buildConfigurations = (
				1DEB911B08733D790010E9CD /* Debug */,
				1DEB911C08733D790010E9CD /* Release */,
			);
			defaultConfigurationIsVisible = 0;
			defaultConfigurationName = Release;
		};
		1DEB911E08733D790010E9CD /* Build configuration list for PBXProject "HelpBook" */ = {
			isa = XCConfigurationList;
			buildConfigurations = (
				1DEB911F08733D790010E9CD /* Debug */,
				1DEB912008733D790010E9CD /* Release */,
			);
			defaultConfigurationIsVisible = 0;
			defaultConfigurationName = Release;
		};
		2C13515B12239401004C82BA /* Build configuration list for PBXNativeTarget "HelpBook for 10.4" */ = {
			isa = XCConfigurationList;
			buildConfigurations = (
				2C13515C12239401004C82BA /* Debug */,
				2C13515D12239401004C82BA /* Release */,
			);
			defaultConfigurationIsVisible = 0;
			defaultConfigurationName = Release;
		};
		2C18E6AD1088000200C065E2 /* Build configuration list for PBXNativeTarget "HelpBook for 10.5" */ = {
			isa = XCConfigurationList;
			buildConfigurations = (
				2C18E6AE1088000200C065E2 /* Debug */,
				2C18E6AF1088000200C065E2 /* Release */,
			);
			defaultConfigurationIsVisible = 0;
			defaultConfigurationName = Release;
		};
		2C72FDC2095836410091C86F /* Build configuration list for PBXNativeTarget "HelpBook App" */ = {
			isa = XCConfigurationList;
			buildConfigurations = (
				2C72FDC3095836410091C86F /* Debug */,
				2C72FDC4095836410091C86F /* Release */,
			);
			defaultConfigurationIsVisible = 0;
			defaultConfigurationName = Release;
		};
/* End XCConfigurationList section */
	};
	rootObject = 089C1669FE841209C02AAC07 /* Project object */;
}
